// !$*UTF8*$!
{
	archiveVersion = 1;
	classes = {
	};
	objectVersion = 50;
	objects = {

/* Begin PBXBuildFile section */
		28089F016E1454651F6D98FD /* Pods_PretendCall.framework in Frameworks */ = {isa = PBXBuildFile; fileRef = CA82A3DB3E381424B70EF47F /* Pods_PretendCall.framework */; };
		5309029820CD634D00881FAE /* AppDelegate.swift in Sources */ = {isa = PBXBuildFile; fileRef = 5309029720CD634D00881FAE /* AppDelegate.swift */; };
		5309029D20CD634D00881FAE /* Main.storyboard in Resources */ = {isa = PBXBuildFile; fileRef = 5309029B20CD634D00881FAE /* Main.storyboard */; };
		5309029F20CD635000881FAE /* Assets.xcassets in Resources */ = {isa = PBXBuildFile; fileRef = 5309029E20CD635000881FAE /* Assets.xcassets */; };
		530902A220CD635000881FAE /* LaunchScreen.storyboard in Resources */ = {isa = PBXBuildFile; fileRef = 530902A020CD635000881FAE /* LaunchScreen.storyboard */; };
		531EEE56210F683A003CD6F5 /* App.png in Resources */ = {isa = PBXBuildFile; fileRef = 531EEE55210F683A003CD6F5 /* App.png */; };
		533F6F0D210F64E50030D1B3 /* Custom.mp3 in Resources */ = {isa = PBXBuildFile; fileRef = 533F6F0C210F64E40030D1B3 /* Custom.mp3 */; };
		534CE2D020CFED6C005015E6 /* CallInfo.swift in Sources */ = {isa = PBXBuildFile; fileRef = 534CE2CF20CFED6C005015E6 /* CallInfo.swift */; };
		536A06FC20FF9A31008460C3 /* MainNaviController.swift in Sources */ = {isa = PBXBuildFile; fileRef = 536A06FB20FF9A31008460C3 /* MainNaviController.swift */; };
		536A06FE20FF9A52008460C3 /* MainTableViewController.swift in Sources */ = {isa = PBXBuildFile; fileRef = 536A06FD20FF9A52008460C3 /* MainTableViewController.swift */; };
		5388E4AB20D1528D000F850A /* AudioSession.swift in Sources */ = {isa = PBXBuildFile; fileRef = 5388E4AA20D1528D000F850A /* AudioSession.swift */; };
		5388E4B420D2B491000F850A /* SettingTableViewController.swift in Sources */ = {isa = PBXBuildFile; fileRef = 5388E4B320D2B491000F850A /* SettingTableViewController.swift */; };
		5388E4B620D400AD000F850A /* CallerInfoViewController.swift in Sources */ = {isa = PBXBuildFile; fileRef = 5388E4B520D400AD000F850A /* CallerInfoViewController.swift */; };
		53A530DE2108E681008CC785 /* NOW.png in Resources */ = {isa = PBXBuildFile; fileRef = 53A530DD2108E681008CC785 /* NOW.png */; };
		53A530E2210A3EDF008CC785 /* Default.mp3 in Resources */ = {isa = PBXBuildFile; fileRef = 53A530E1210A3EDF008CC785 /* Default.mp3 */; };
		53ABE06220E522F700C85FF3 /* DelayViewController.swift in Sources */ = {isa = PBXBuildFile; fileRef = 53ABE06120E522F700C85FF3 /* DelayViewController.swift */; };
		53D0D3A22104B6DD00AD8C84 /* EndCall.png in Resources */ = {isa = PBXBuildFile; fileRef = 53D0D39E2104B6DC00AD8C84 /* EndCall.png */; };
		53D0D3A32104B6DD00AD8C84 /* Setting.png in Resources */ = {isa = PBXBuildFile; fileRef = 53D0D39F2104B6DC00AD8C84 /* Setting.png */; };
		53D0D3A42104B6DD00AD8C84 /* Call.png in Resources */ = {isa = PBXBuildFile; fileRef = 53D0D3A02104B6DD00AD8C84 /* Call.png */; };
		53D0D3A52104B6DD00AD8C84 /* Stop.png in Resources */ = {isa = PBXBuildFile; fileRef = 53D0D3A12104B6DD00AD8C84 /* Stop.png */; };
		53D589E02107875E00EAE3AB /* Record.png in Resources */ = {isa = PBXBuildFile; fileRef = 53D589DD2107875D00EAE3AB /* Record.png */; };
		53D589E12107875E00EAE3AB /* Play.png in Resources */ = {isa = PBXBuildFile; fileRef = 53D589DE2107875D00EAE3AB /* Play.png */; };
		53D589E22107875E00EAE3AB /* Pause.png in Resources */ = {isa = PBXBuildFile; fileRef = 53D589DF2107875D00EAE3AB /* Pause.png */; };
		53D589E421078B5C00EAE3AB /* Recording.png in Resources */ = {isa = PBXBuildFile; fileRef = 53D589E321078B5B00EAE3AB /* Recording.png */; };
		53D589E62107913100EAE3AB /* Ellipsis.png in Resources */ = {isa = PBXBuildFile; fileRef = 53D589E52107913000EAE3AB /* Ellipsis.png */; };
		53DCE23E20D67AB500AC228D /* ProviderDelegate.swift in Sources */ = {isa = PBXBuildFile; fileRef = 53DCE23D20D67AB500AC228D /* ProviderDelegate.swift */; };
		53DCE24020DAAB8500AC228D /* AudioViewController.swift in Sources */ = {isa = PBXBuildFile; fileRef = 53DCE23F20DAAB8500AC228D /* AudioViewController.swift */; };
		53DCE24220DAB1B700AC228D /* AudioTableViewController.swift in Sources */ = {isa = PBXBuildFile; fileRef = 53DCE24120DAB1B700AC228D /* AudioTableViewController.swift */; };
/* End PBXBuildFile section */

/* Begin PBXFileReference section */
		5309029420CD634D00881FAE /* PretendCall.app */ = {isa = PBXFileReference; explicitFileType = wrapper.application; includeInIndex = 0; path = PretendCall.app; sourceTree = BUILT_PRODUCTS_DIR; };
		5309029720CD634D00881FAE /* AppDelegate.swift */ = {isa = PBXFileReference; lastKnownFileType = sourcecode.swift; path = AppDelegate.swift; sourceTree = "<group>"; };
		5309029C20CD634D00881FAE /* Base */ = {isa = PBXFileReference; lastKnownFileType = file.storyboard; name = Base; path = Base.lproj/Main.storyboard; sourceTree = "<group>"; };
		5309029E20CD635000881FAE /* Assets.xcassets */ = {isa = PBXFileReference; lastKnownFileType = folder.assetcatalog; path = Assets.xcassets; sourceTree = "<group>"; };
		530902A120CD635000881FAE /* Base */ = {isa = PBXFileReference; lastKnownFileType = file.storyboard; name = Base; path = Base.lproj/LaunchScreen.storyboard; sourceTree = "<group>"; };
		530902A320CD635000881FAE /* Info.plist */ = {isa = PBXFileReference; lastKnownFileType = text.plist.xml; path = Info.plist; sourceTree = "<group>"; };
		531EEE55210F683A003CD6F5 /* App.png */ = {isa = PBXFileReference; lastKnownFileType = image.png; path = App.png; sourceTree = "<group>"; };
		533F6F0C210F64E40030D1B3 /* Custom.mp3 */ = {isa = PBXFileReference; lastKnownFileType = audio.mp3; path = Custom.mp3; sourceTree = "<group>"; };
		534CE2CC20CEB17A005015E6 /* PretendCall.entitlements */ = {isa = PBXFileReference; lastKnownFileType = text.plist.entitlements; path = PretendCall.entitlements; sourceTree = "<group>"; };
		534CE2CF20CFED6C005015E6 /* CallInfo.swift */ = {isa = PBXFileReference; lastKnownFileType = sourcecode.swift; path = CallInfo.swift; sourceTree = "<group>"; };
		536A06FB20FF9A31008460C3 /* MainNaviController.swift */ = {isa = PBXFileReference; lastKnownFileType = sourcecode.swift; path = MainNaviController.swift; sourceTree = "<group>"; };
		536A06FD20FF9A52008460C3 /* MainTableViewController.swift */ = {isa = PBXFileReference; lastKnownFileType = sourcecode.swift; path = MainTableViewController.swift; sourceTree = "<group>"; };
		5388E4AA20D1528D000F850A /* AudioSession.swift */ = {isa = PBXFileReference; lastKnownFileType = sourcecode.swift; path = AudioSession.swift; sourceTree = "<group>"; };
		5388E4B320D2B491000F850A /* SettingTableViewController.swift */ = {isa = PBXFileReference; lastKnownFileType = sourcecode.swift; path = SettingTableViewController.swift; sourceTree = "<group>"; };
		5388E4B520D400AD000F850A /* CallerInfoViewController.swift */ = {isa = PBXFileReference; lastKnownFileType = sourcecode.swift; path = CallerInfoViewController.swift; sourceTree = "<group>"; };
		53A530DD2108E681008CC785 /* NOW.png */ = {isa = PBXFileReference; lastKnownFileType = image.png; path = NOW.png; sourceTree = "<group>"; };
		53A530E1210A3EDF008CC785 /* Default.mp3 */ = {isa = PBXFileReference; lastKnownFileType = audio.mp3; path = Default.mp3; sourceTree = "<group>"; };
		53ABE06120E522F700C85FF3 /* DelayViewController.swift */ = {isa = PBXFileReference; lastKnownFileType = sourcecode.swift; path = DelayViewController.swift; sourceTree = "<group>"; };
		53D0D39E2104B6DC00AD8C84 /* EndCall.png */ = {isa = PBXFileReference; lastKnownFileType = image.png; path = EndCall.png; sourceTree = "<group>"; };
		53D0D39F2104B6DC00AD8C84 /* Setting.png */ = {isa = PBXFileReference; lastKnownFileType = image.png; path = Setting.png; sourceTree = "<group>"; };
		53D0D3A02104B6DD00AD8C84 /* Call.png */ = {isa = PBXFileReference; lastKnownFileType = image.png; path = Call.png; sourceTree = "<group>"; };
		53D0D3A12104B6DD00AD8C84 /* Stop.png */ = {isa = PBXFileReference; lastKnownFileType = image.png; path = Stop.png; sourceTree = "<group>"; };
		53D589DD2107875D00EAE3AB /* Record.png */ = {isa = PBXFileReference; lastKnownFileType = image.png; path = Record.png; sourceTree = "<group>"; };
		53D589DE2107875D00EAE3AB /* Play.png */ = {isa = PBXFileReference; lastKnownFileType = image.png; path = Play.png; sourceTree = "<group>"; };
		53D589DF2107875D00EAE3AB /* Pause.png */ = {isa = PBXFileReference; lastKnownFileType = image.png; path = Pause.png; sourceTree = "<group>"; };
		53D589E321078B5B00EAE3AB /* Recording.png */ = {isa = PBXFileReference; lastKnownFileType = image.png; path = Recording.png; sourceTree = "<group>"; };
		53D589E52107913000EAE3AB /* Ellipsis.png */ = {isa = PBXFileReference; lastKnownFileType = image.png; path = Ellipsis.png; sourceTree = "<group>"; };
		53DCE23D20D67AB500AC228D /* ProviderDelegate.swift */ = {isa = PBXFileReference; lastKnownFileType = sourcecode.swift; path = ProviderDelegate.swift; sourceTree = "<group>"; };
		53DCE23F20DAAB8500AC228D /* AudioViewController.swift */ = {isa = PBXFileReference; lastKnownFileType = sourcecode.swift; path = AudioViewController.swift; sourceTree = "<group>"; };
		53DCE24120DAB1B700AC228D /* AudioTableViewController.swift */ = {isa = PBXFileReference; lastKnownFileType = sourcecode.swift; path = AudioTableViewController.swift; sourceTree = "<group>"; };
		8DC80DDA71E16DF7D734CF80 /* Pods-PretendCall.debug.xcconfig */ = {isa = PBXFileReference; includeInIndex = 1; lastKnownFileType = text.xcconfig; name = "Pods-PretendCall.debug.xcconfig"; path = "Pods/Target Support Files/Pods-PretendCall/Pods-PretendCall.debug.xcconfig"; sourceTree = "<group>"; };
		99D9F5242889EDD8BBAB2D29 /* Pods-PretendCall.release.xcconfig */ = {isa = PBXFileReference; includeInIndex = 1; lastKnownFileType = text.xcconfig; name = "Pods-PretendCall.release.xcconfig"; path = "Pods/Target Support Files/Pods-PretendCall/Pods-PretendCall.release.xcconfig"; sourceTree = "<group>"; };
		CA82A3DB3E381424B70EF47F /* Pods_PretendCall.framework */ = {isa = PBXFileReference; explicitFileType = wrapper.framework; includeInIndex = 0; path = Pods_PretendCall.framework; sourceTree = BUILT_PRODUCTS_DIR; };
/* End PBXFileReference section */

/* Begin PBXFrameworksBuildPhase section */
		5309029120CD634D00881FAE /* Frameworks */ = {
			isa = PBXFrameworksBuildPhase;
			buildActionMask = 2147483647;
			files = (
				28089F016E1454651F6D98FD /* Pods_PretendCall.framework in Frameworks */,
			);
			runOnlyForDeploymentPostprocessing = 0;
		};
/* End PBXFrameworksBuildPhase section */

/* Begin PBXGroup section */
		395FDD946CED2A7721B1D6F4 /* Pods */ = {
			isa = PBXGroup;
			children = (
				8DC80DDA71E16DF7D734CF80 /* Pods-PretendCall.debug.xcconfig */,
				99D9F5242889EDD8BBAB2D29 /* Pods-PretendCall.release.xcconfig */,
			);
			name = Pods;
			sourceTree = "<group>";
		};
		5309028B20CD634D00881FAE = {
			isa = PBXGroup;
			children = (
				5309029620CD634D00881FAE /* PretendCall */,
				5309029520CD634D00881FAE /* Products */,
				395FDD946CED2A7721B1D6F4 /* Pods */,
				61E38EC809872199A33B1E3A /* Frameworks */,
			);
			sourceTree = "<group>";
		};
		5309029520CD634D00881FAE /* Products */ = {
			isa = PBXGroup;
			children = (
				5309029420CD634D00881FAE /* PretendCall.app */,
			);
			name = Products;
			sourceTree = "<group>";
		};
		5309029620CD634D00881FAE /* PretendCall */ = {
			isa = PBXGroup;
			children = (
				53476D762104B5C200DE6D32 /* Images */,
				5388E4B320D2B491000F850A /* SettingTableViewController.swift */,
				534CE2CC20CEB17A005015E6 /* PretendCall.entitlements */,
				5309029720CD634D00881FAE /* AppDelegate.swift */,
				5309029B20CD634D00881FAE /* Main.storyboard */,
				536A06FB20FF9A31008460C3 /* MainNaviController.swift */,
				536A06FD20FF9A52008460C3 /* MainTableViewController.swift */,
				53ABE06120E522F700C85FF3 /* DelayViewController.swift */,
				53DCE24120DAB1B700AC228D /* AudioTableViewController.swift */,
				53DCE23F20DAAB8500AC228D /* AudioViewController.swift */,
				5388E4B520D400AD000F850A /* CallerInfoViewController.swift */,
				53DCE23D20D67AB500AC228D /* ProviderDelegate.swift */,
				534CE2CF20CFED6C005015E6 /* CallInfo.swift */,
				5388E4AA20D1528D000F850A /* AudioSession.swift */,
				5388E4B220D2A962000F850A /* Ring */,
				5309029E20CD635000881FAE /* Assets.xcassets */,
				530902A020CD635000881FAE /* LaunchScreen.storyboard */,
				530902A320CD635000881FAE /* Info.plist */,
			);
			path = PretendCall;
			sourceTree = "<group>";
		};
		53476D762104B5C200DE6D32 /* Images */ = {
			isa = PBXGroup;
			children = (
				531EEE55210F683A003CD6F5 /* App.png */,
				53A530DD2108E681008CC785 /* NOW.png */,
				53D589E52107913000EAE3AB /* Ellipsis.png */,
				53D589E321078B5B00EAE3AB /* Recording.png */,
				53D589DF2107875D00EAE3AB /* Pause.png */,
				53D589DE2107875D00EAE3AB /* Play.png */,
				53D589DD2107875D00EAE3AB /* Record.png */,
				53D0D3A02104B6DD00AD8C84 /* Call.png */,
				53D0D39E2104B6DC00AD8C84 /* EndCall.png */,
				53D0D39F2104B6DC00AD8C84 /* Setting.png */,
				53D0D3A12104B6DD00AD8C84 /* Stop.png */,
			);
			path = Images;
			sourceTree = "<group>";
		};
		5388E4B220D2A962000F850A /* Ring */ = {
			isa = PBXGroup;
			children = (
				533F6F0C210F64E40030D1B3 /* Custom.mp3 */,
				53A530E1210A3EDF008CC785 /* Default.mp3 */,
			);
			path = Ring;
			sourceTree = "<group>";
		};
		61E38EC809872199A33B1E3A /* Frameworks */ = {
			isa = PBXGroup;
			children = (
				CA82A3DB3E381424B70EF47F /* Pods_PretendCall.framework */,
			);
			name = Frameworks;
			sourceTree = "<group>";
		};
/* End PBXGroup section */

/* Begin PBXNativeTarget section */
		5309029320CD634D00881FAE /* PretendCall */ = {
			isa = PBXNativeTarget;
			buildConfigurationList = 530902A620CD635000881FAE /* Build configuration list for PBXNativeTarget "PretendCall" */;
			buildPhases = (
				EAE75EC2E5B4AD1F39864296 /* [CP] Check Pods Manifest.lock */,
				5309029020CD634D00881FAE /* Sources */,
				5309029120CD634D00881FAE /* Frameworks */,
				5309029220CD634D00881FAE /* Resources */,
				05528111940B3B87EA44E240 /* [CP] Embed Pods Frameworks */,
			);
			buildRules = (
			);
			dependencies = (
			);
			name = PretendCall;
			productName = PretendCall;
			productReference = 5309029420CD634D00881FAE /* PretendCall.app */;
			productType = "com.apple.product-type.application";
		};
/* End PBXNativeTarget section */

/* Begin PBXProject section */
		5309028C20CD634D00881FAE /* Project object */ = {
			isa = PBXProject;
			attributes = {
				LastSwiftUpdateCheck = 0940;
				LastUpgradeCheck = 0940;
				ORGANIZATIONNAME = "Jifei sui";
				TargetAttributes = {
					5309029320CD634D00881FAE = {
						CreatedOnToolsVersion = 9.4;
						SystemCapabilities = {
							com.apple.ApplicationGroups.iOS = {
								enabled = 0;
							};
							com.apple.BackgroundModes = {
								enabled = 1;
							};
						};
					};
				};
			};
			buildConfigurationList = 5309028F20CD634D00881FAE /* Build configuration list for PBXProject "PretendCall" */;
			compatibilityVersion = "Xcode 9.3";
			developmentRegion = en;
			hasScannedForEncodings = 0;
			knownRegions = (
				en,
				Base,
			);
			mainGroup = 5309028B20CD634D00881FAE;
			productRefGroup = 5309029520CD634D00881FAE /* Products */;
			projectDirPath = "";
			projectRoot = "";
			targets = (
				5309029320CD634D00881FAE /* PretendCall */,
			);
		};
/* End PBXProject section */

/* Begin PBXResourcesBuildPhase section */
		5309029220CD634D00881FAE /* Resources */ = {
			isa = PBXResourcesBuildPhase;
			buildActionMask = 2147483647;
			files = (
				53D589E62107913100EAE3AB /* Ellipsis.png in Resources */,
				53D589E02107875E00EAE3AB /* Record.png in Resources */,
				53D0D3A52104B6DD00AD8C84 /* Stop.png in Resources */,
				53A530E2210A3EDF008CC785 /* Default.mp3 in Resources */,
				530902A220CD635000881FAE /* LaunchScreen.storyboard in Resources */,
				53D0D3A22104B6DD00AD8C84 /* EndCall.png in Resources */,
				5309029F20CD635000881FAE /* Assets.xcassets in Resources */,
				53D589E22107875E00EAE3AB /* Pause.png in Resources */,
				53D0D3A32104B6DD00AD8C84 /* Setting.png in Resources */,
				533F6F0D210F64E50030D1B3 /* Custom.mp3 in Resources */,
				53D589E12107875E00EAE3AB /* Play.png in Resources */,
				531EEE56210F683A003CD6F5 /* App.png in Resources */,
				53D589E421078B5C00EAE3AB /* Recording.png in Resources */,
				5309029D20CD634D00881FAE /* Main.storyboard in Resources */,
				53A530DE2108E681008CC785 /* NOW.png in Resources */,
				53D0D3A42104B6DD00AD8C84 /* Call.png in Resources */,
			);
			runOnlyForDeploymentPostprocessing = 0;
		};
/* End PBXResourcesBuildPhase section */

/* Begin PBXShellScriptBuildPhase section */
		05528111940B3B87EA44E240 /* [CP] Embed Pods Frameworks */ = {
			isa = PBXShellScriptBuildPhase;
			buildActionMask = 2147483647;
			files = (
			);
			inputPaths = (
				"${SRCROOT}/Pods/Target Support Files/Pods-PretendCall/Pods-PretendCall-frameworks.sh",
				"${BUILT_PRODUCTS_DIR}/SwiftSiriWaveformView/SwiftSiriWaveformView.framework",
			);
			name = "[CP] Embed Pods Frameworks";
			outputPaths = (
				"${TARGET_BUILD_DIR}/${FRAMEWORKS_FOLDER_PATH}/SwiftSiriWaveformView.framework",
			);
			runOnlyForDeploymentPostprocessing = 0;
			shellPath = /bin/sh;
			shellScript = "\"${SRCROOT}/Pods/Target Support Files/Pods-PretendCall/Pods-PretendCall-frameworks.sh\"\n";
			showEnvVarsInLog = 0;
		};
		EAE75EC2E5B4AD1F39864296 /* [CP] Check Pods Manifest.lock */ = {
			isa = PBXShellScriptBuildPhase;
			buildActionMask = 2147483647;
			files = (
			);
			inputPaths = (
				"${PODS_PODFILE_DIR_PATH}/Podfile.lock",
				"${PODS_ROOT}/Manifest.lock",
			);
			name = "[CP] Check Pods Manifest.lock";
			outputPaths = (
				"$(DERIVED_FILE_DIR)/Pods-PretendCall-checkManifestLockResult.txt",
			);
			runOnlyForDeploymentPostprocessing = 0;
			shellPath = /bin/sh;
			shellScript = "diff \"${PODS_PODFILE_DIR_PATH}/Podfile.lock\" \"${PODS_ROOT}/Manifest.lock\" > /dev/null\nif [ $? != 0 ] ; then\n    # print error to STDERR\n    echo \"error: The sandbox is not in sync with the Podfile.lock. Run 'pod install' or update your CocoaPods installation.\" >&2\n    exit 1\nfi\n# This output is used by Xcode 'outputs' to avoid re-running this script phase.\necho \"SUCCESS\" > \"${SCRIPT_OUTPUT_FILE_0}\"\n";
			showEnvVarsInLog = 0;
		};
/* End PBXShellScriptBuildPhase section */

/* Begin PBXSourcesBuildPhase section */
		5309029020CD634D00881FAE /* Sources */ = {
			isa = PBXSourcesBuildPhase;
			buildActionMask = 2147483647;
			files = (
				5388E4B620D400AD000F850A /* CallerInfoViewController.swift in Sources */,
				536A06FE20FF9A52008460C3 /* MainTableViewController.swift in Sources */,
				5388E4B420D2B491000F850A /* SettingTableViewController.swift in Sources */,
				53DCE24220DAB1B700AC228D /* AudioTableViewController.swift in Sources */,
				5388E4AB20D1528D000F850A /* AudioSession.swift in Sources */,
				53ABE06220E522F700C85FF3 /* DelayViewController.swift in Sources */,
				536A06FC20FF9A31008460C3 /* MainNaviController.swift in Sources */,
				534CE2D020CFED6C005015E6 /* CallInfo.swift in Sources */,
				53DCE24020DAAB8500AC228D /* AudioViewController.swift in Sources */,
				5309029820CD634D00881FAE /* AppDelegate.swift in Sources */,
				53DCE23E20D67AB500AC228D /* ProviderDelegate.swift in Sources */,
			);
			runOnlyForDeploymentPostprocessing = 0;
		};
/* End PBXSourcesBuildPhase section */

/* Begin PBXVariantGroup section */
		5309029B20CD634D00881FAE /* Main.storyboard */ = {
			isa = PBXVariantGroup;
			children = (
				5309029C20CD634D00881FAE /* Base */,
			);
			name = Main.storyboard;
			sourceTree = "<group>";
		};
		530902A020CD635000881FAE /* LaunchScreen.storyboard */ = {
			isa = PBXVariantGroup;
			children = (
				530902A120CD635000881FAE /* Base */,
			);
			name = LaunchScreen.storyboard;
			sourceTree = "<group>";
		};
/* End PBXVariantGroup section */

/* Begin XCBuildConfiguration section */
		530902A420CD635000881FAE /* Debug */ = {
			isa = XCBuildConfiguration;
			buildSettings = {
				ALWAYS_SEARCH_USER_PATHS = NO;
				CLANG_ANALYZER_NONNULL = YES;
				CLANG_ANALYZER_NUMBER_OBJECT_CONVERSION = YES_AGGRESSIVE;
				CLANG_CXX_LANGUAGE_STANDARD = "gnu++14";
				CLANG_CXX_LIBRARY = "libc++";
				CLANG_ENABLE_MODULES = YES;
				CLANG_ENABLE_OBJC_ARC = YES;
				CLANG_ENABLE_OBJC_WEAK = YES;
				CLANG_WARN_BLOCK_CAPTURE_AUTORELEASING = YES;
				CLANG_WARN_BOOL_CONVERSION = YES;
				CLANG_WARN_COMMA = YES;
				CLANG_WARN_CONSTANT_CONVERSION = YES;
				CLANG_WARN_DEPRECATED_OBJC_IMPLEMENTATIONS = YES;
				CLANG_WARN_DIRECT_OBJC_ISA_USAGE = YES_ERROR;
				CLANG_WARN_DOCUMENTATION_COMMENTS = YES;
				CLANG_WARN_EMPTY_BODY = YES;
				CLANG_WARN_ENUM_CONVERSION = YES;
				CLANG_WARN_INFINITE_RECURSION = YES;
				CLANG_WARN_INT_CONVERSION = YES;
				CLANG_WARN_NON_LITERAL_NULL_CONVERSION = YES;
				CLANG_WARN_OBJC_IMPLICIT_RETAIN_SELF = YES;
				CLANG_WARN_OBJC_LITERAL_CONVERSION = YES;
				CLANG_WARN_OBJC_ROOT_CLASS = YES_ERROR;
				CLANG_WARN_RANGE_LOOP_ANALYSIS = YES;
				CLANG_WARN_STRICT_PROTOTYPES = YES;
				CLANG_WARN_SUSPICIOUS_MOVE = YES;
				CLANG_WARN_UNGUARDED_AVAILABILITY = YES_AGGRESSIVE;
				CLANG_WARN_UNREACHABLE_CODE = YES;
				CLANG_WARN__DUPLICATE_METHOD_MATCH = YES;
				CODE_SIGN_IDENTITY = "iPhone Developer";
				COPY_PHASE_STRIP = NO;
				DEBUG_INFORMATION_FORMAT = dwarf;
				ENABLE_STRICT_OBJC_MSGSEND = YES;
				ENABLE_TESTABILITY = YES;
				GCC_C_LANGUAGE_STANDARD = gnu11;
				GCC_DYNAMIC_NO_PIC = NO;
				GCC_NO_COMMON_BLOCKS = YES;
				GCC_OPTIMIZATION_LEVEL = 0;
				GCC_PREPROCESSOR_DEFINITIONS = (
					"DEBUG=1",
					"$(inherited)",
				);
				GCC_WARN_64_TO_32_BIT_CONVERSION = YES;
				GCC_WARN_ABOUT_RETURN_TYPE = YES_ERROR;
				GCC_WARN_UNDECLARED_SELECTOR = YES;
				GCC_WARN_UNINITIALIZED_AUTOS = YES_AGGRESSIVE;
				GCC_WARN_UNUSED_FUNCTION = YES;
				GCC_WARN_UNUSED_VARIABLE = YES;
				IPHONEOS_DEPLOYMENT_TARGET = 11.4;
				MTL_ENABLE_DEBUG_INFO = YES;
				ONLY_ACTIVE_ARCH = YES;
				SDKROOT = iphoneos;
				SWIFT_ACTIVE_COMPILATION_CONDITIONS = DEBUG;
				SWIFT_OPTIMIZATION_LEVEL = "-Onone";
			};
			name = Debug;
		};
		530902A520CD635000881FAE /* Release */ = {
			isa = XCBuildConfiguration;
			buildSettings = {
				ALWAYS_SEARCH_USER_PATHS = NO;
				CLANG_ANALYZER_NONNULL = YES;
				CLANG_ANALYZER_NUMBER_OBJECT_CONVERSION = YES_AGGRESSIVE;
				CLANG_CXX_LANGUAGE_STANDARD = "gnu++14";
				CLANG_CXX_LIBRARY = "libc++";
				CLANG_ENABLE_MODULES = YES;
				CLANG_ENABLE_OBJC_ARC = YES;
				CLANG_ENABLE_OBJC_WEAK = YES;
				CLANG_WARN_BLOCK_CAPTURE_AUTORELEASING = YES;
				CLANG_WARN_BOOL_CONVERSION = YES;
				CLANG_WARN_COMMA = YES;
				CLANG_WARN_CONSTANT_CONVERSION = YES;
				CLANG_WARN_DEPRECATED_OBJC_IMPLEMENTATIONS = YES;
				CLANG_WARN_DIRECT_OBJC_ISA_USAGE = YES_ERROR;
				CLANG_WARN_DOCUMENTATION_COMMENTS = YES;
				CLANG_WARN_EMPTY_BODY = YES;
				CLANG_WARN_ENUM_CONVERSION = YES;
				CLANG_WARN_INFINITE_RECURSION = YES;
				CLANG_WARN_INT_CONVERSION = YES;
				CLANG_WARN_NON_LITERAL_NULL_CONVERSION = YES;
				CLANG_WARN_OBJC_IMPLICIT_RETAIN_SELF = YES;
				CLANG_WARN_OBJC_LITERAL_CONVERSION = YES;
				CLANG_WARN_OBJC_ROOT_CLASS = YES_ERROR;
				CLANG_WARN_RANGE_LOOP_ANALYSIS = YES;
				CLANG_WARN_STRICT_PROTOTYPES = YES;
				CLANG_WARN_SUSPICIOUS_MOVE = YES;
				CLANG_WARN_UNGUARDED_AVAILABILITY = YES_AGGRESSIVE;
				CLANG_WARN_UNREACHABLE_CODE = YES;
				CLANG_WARN__DUPLICATE_METHOD_MATCH = YES;
				CODE_SIGN_IDENTITY = "iPhone Developer";
				COPY_PHASE_STRIP = NO;
				DEBUG_INFORMATION_FORMAT = "dwarf-with-dsym";
				ENABLE_NS_ASSERTIONS = NO;
				ENABLE_STRICT_OBJC_MSGSEND = YES;
				GCC_C_LANGUAGE_STANDARD = gnu11;
				GCC_NO_COMMON_BLOCKS = YES;
				GCC_WARN_64_TO_32_BIT_CONVERSION = YES;
				GCC_WARN_ABOUT_RETURN_TYPE = YES_ERROR;
				GCC_WARN_UNDECLARED_SELECTOR = YES;
				GCC_WARN_UNINITIALIZED_AUTOS = YES_AGGRESSIVE;
				GCC_WARN_UNUSED_FUNCTION = YES;
				GCC_WARN_UNUSED_VARIABLE = YES;
				IPHONEOS_DEPLOYMENT_TARGET = 11.4;
				MTL_ENABLE_DEBUG_INFO = NO;
				SDKROOT = iphoneos;
				SWIFT_COMPILATION_MODE = wholemodule;
				SWIFT_OPTIMIZATION_LEVEL = "-O";
				VALIDATE_PRODUCT = YES;
			};
			name = Release;
		};
		530902A720CD635000881FAE /* Debug */ = {
			isa = XCBuildConfiguration;
			baseConfigurationReference = 8DC80DDA71E16DF7D734CF80 /* Pods-PretendCall.debug.xcconfig */;
			buildSettings = {
				ASSETCATALOG_COMPILER_APPICON_NAME = AppIcon;
				CODE_SIGN_STYLE = Automatic;
				DEVELOPMENT_TEAM = VX3BLRQKFQ;
				INFOPLIST_FILE = PretendCall/Info.plist;
				IPHONEOS_DEPLOYMENT_TARGET = 11.3;
				LD_RUNPATH_SEARCH_PATHS = (
					"$(inherited)",
					"@executable_path/Frameworks",
				);
				PRODUCT_BUNDLE_IDENTIFIER = BiGFlY.PretendCall;
				PRODUCT_NAME = "$(TARGET_NAME)";
				SWIFT_VERSION = 4.0;
				TARGETED_DEVICE_FAMILY = 1;
			};
			name = Debug;
		};
		530902A820CD635000881FAE /* Release */ = {
			isa = XCBuildConfiguration;
			baseConfigurationReference = 99D9F5242889EDD8BBAB2D29 /* Pods-PretendCall.release.xcconfig */;
			buildSettings = {
				ASSETCATALOG_COMPILER_APPICON_NAME = AppIcon;
				CODE_SIGN_STYLE = Automatic;
				DEVELOPMENT_TEAM = VX3BLRQKFQ;
				INFOPLIST_FILE = PretendCall/Info.plist;
				IPHONEOS_DEPLOYMENT_TARGET = 11.3;
				LD_RUNPATH_SEARCH_PATHS = (
					"$(inherited)",
					"@executable_path/Frameworks",
				);
				PRODUCT_BUNDLE_IDENTIFIER = BiGFlY.PretendCall;
				PRODUCT_NAME = "$(TARGET_NAME)";
				SWIFT_VERSION = 4.0;
				TARGETED_DEVICE_FAMILY = 1;
			};
			name = Release;
		};
/* End XCBuildConfiguration section */

/* Begin XCConfigurationList section */
		5309028F20CD634D00881FAE /* Build configuration list for PBXProject "PretendCall" */ = {
			isa = XCConfigurationList;
			buildConfigurations = (
				530902A420CD635000881FAE /* Debug */,
				530902A520CD635000881FAE /* Release */,
			);
			defaultConfigurationIsVisible = 0;
			defaultConfigurationName = Release;
		};
		530902A620CD635000881FAE /* Build configuration list for PBXNativeTarget "PretendCall" */ = {
			isa = XCConfigurationList;
			buildConfigurations = (
				530902A720CD635000881FAE /* Debug */,
				530902A820CD635000881FAE /* Release */,
			);
			defaultConfigurationIsVisible = 0;
			defaultConfigurationName = Release;
		};
/* End XCConfigurationList section */
	};
	rootObject = 5309028C20CD634D00881FAE /* Project object */;
}
